{
  "name": "matrixts",
  "version": "1.0.0",
  "lockfileVersion": 2,
  "requires": true,
  "packages": {
    "": {
      "name": "matrixts",
      "version": "1.0.0",
      "license": "MIT",
      "devDependencies": {
        "betest": "^1.2.9"
      }
    },
    "node_modules/betest": {
      "version": "1.2.13",
      "resolved": "https://registry.npmjs.org/betest/-/betest-1.2.13.tgz",
      "integrity": "sha512-sjmcj+IBTqG8k9CLHy7RTY9TdJRxCqcAdstL0A8Dzj3OmX98fFjf3HtZFdIvfSiADLy7jzF9RN6QF5wBvYeVcA==",
      "dev": true
    }
  },
  "dependencies": {
    "betest": {
      "version": "1.2.13",
      "resolved": "https://registry.npmjs.org/betest/-/betest-1.2.13.tgz",
      "integrity": "sha512-sjmcj+IBTqG8k9CLHy7RTY9TdJRxCqcAdstL0A8Dzj3OmX98fFjf3HtZFdIvfSiADLy7jzF9RN6QF5wBvYeVcA==",
      "dev": true
    }
  }
}
